
Microsoft Visual Studio Solution File, Format Version 12.00
# Visual Studio 15
VisualStudioVersion = 15.0.27004.2009
MinimumVisualStudioVersion = 10.0.40219.1
Project("{2150E333-8FDC-42A3-9474-1A3956D46DE8}") = "src", "src", "{4FFD7879-13C6-4E52-BA4D-CAC43477BF6B}"
EndProject
Project("{2150E333-8FDC-42A3-9474-1A3956D46DE8}") = "test", "test", "{FAABB7BC-1517-45A6-BA4C-25A77D2880DA}"
EndProject
Project("{9A19103F-16F7-4668-BE54-9A1E7A4F7556}") = "Narato.ResponseMiddleware.Models.Legacy", "src\Narato.ResponseMiddleware.Models.Legacy\Narato.ResponseMiddleware.Models.Legacy.csproj", "{3D006EF5-5E36-48E5-80D6-C7862282ACEF}"
EndProject
Project("{9A19103F-16F7-4668-BE54-9A1E7A4F7556}") = "Narato.ResponseMiddleware.Models.Test", "test\Narato.ResponseMiddleware.Models.Test\Narato.ResponseMiddleware.Models.Test.csproj", "{88A124DD-6D26-4BFB-BD4A-F4801D329C83}"
EndProject
Global
	GlobalSection(SolutionConfigurationPlatforms) = preSolution
		Debug|Any CPU = Debug|Any CPU
		Release|Any CPU = Release|Any CPU
	EndGlobalSection
	GlobalSection(ProjectConfigurationPlatforms) = postSolution
		{3D006EF5-5E36-48E5-80D6-C7862282ACEF}.Debug|Any CPU.ActiveCfg = Debug|Any CPU
		{3D006EF5-5E36-48E5-80D6-C7862282ACEF}.Debug|Any CPU.Build.0 = Debug|Any CPU
		{3D006EF5-5E36-48E5-80D6-C7862282ACEF}.Release|Any CPU.ActiveCfg = Release|Any CPU
		{3D006EF5-5E36-48E5-80D6-C7862282ACEF}.Release|Any CPU.Build.0 = Release|Any CPU
		{88A124DD-6D26-4BFB-BD4A-F4801D329C83}.Debug|Any CPU.ActiveCfg = Debug|Any CPU
		{88A124DD-6D26-4BFB-BD4A-F4801D329C83}.Debug|Any CPU.Build.0 = Debug|Any CPU
		{88A124DD-6D26-4BFB-BD4A-F4801D329C83}.Release|Any CPU.ActiveCfg = Release|Any CPU
		{88A124DD-6D26-4BFB-BD4A-F4801D329C83}.Release|Any CPU.Build.0 = Release|Any CPU
	EndGlobalSection
	GlobalSection(SolutionProperties) = preSolution
		HideSolutionNode = FALSE
	EndGlobalSection
	GlobalSection(NestedProjects) = preSolution
		{3D006EF5-5E36-48E5-80D6-C7862282ACEF} = {4FFD7879-13C6-4E52-BA4D-CAC43477BF6B}
		{88A124DD-6D26-4BFB-BD4A-F4801D329C83} = {FAABB7BC-1517-45A6-BA4C-25A77D2880DA}
	EndGlobalSection
	GlobalSection(ExtensibilityGlobals) = postSolution
		SolutionGuid = {472C9D2C-C07B-4FEC-88B4-AF6D91212FED}
	EndGlobalSection
EndGlobal
